
Microsoft Visual Studio Solution File, Format Version 12.00
# Visual Studio Version 17
VisualStudioVersion = 17.0.31611.283
MinimumVisualStudioVersion = 10.0.40219.1
Project("{9A19103F-16F7-4668-BE54-9A1E7A4F7556}") = "De.HDBW.Apollo.Client", "UI\De.HDBW.Apollo.Client\De.HDBW.Apollo.Client.csproj", "{52E8A5B6-70BC-44FA-AD39-04E89CE55592}"
EndProject
Project("{9A19103F-16F7-4668-BE54-9A1E7A4F7556}") = "De.HDBW.Apollo.Data", "BL\De.HDBW.Apollo.Data\De.HDBW.Apollo.Data.csproj", "{F58910DC-C636-4CC2-9BF9-EB3B213E4B37}"
EndProject
Project("{9A19103F-16F7-4668-BE54-9A1E7A4F7556}") = "De.HDBW.Apollo.SharedContracts", "Shared\De.HDBW.Apollo.SharedContracts\De.HDBW.Apollo.SharedContracts.csproj", "{699E780F-4A42-40E7-A750-71221104D54E}"
EndProject
Project("{2150E333-8FDC-42A3-9474-1A3956D46DE8}") = "_SolutionItems", "_SolutionItems", "{DD9F3385-6F9A-47C4-88F1-F0AB8EC54A16}"
	ProjectSection(SolutionItems) = preProject
		..\..\..\.editorconfig = ..\..\..\.editorconfig
	EndProjectSection
EndProject
Project("{2150E333-8FDC-42A3-9474-1A3956D46DE8}") = "UI", "UI", "{8531B12A-0995-4276-83FA-A6401A104005}"
EndProject
Project("{2150E333-8FDC-42A3-9474-1A3956D46DE8}") = "Shared", "Shared", "{CE5619EE-E7EC-424B-A8C5-47F079213CBC}"
EndProject
Project("{2150E333-8FDC-42A3-9474-1A3956D46DE8}") = "BL", "BL", "{FC248FFE-6D0B-4864-B980-4EA60C43C6B3}"
EndProject
Project("{9A19103F-16F7-4668-BE54-9A1E7A4F7556}") = "De.HDBW.Apollo.DeviceTestRunner", "Tests\De.HDBW.Apollo.DeviceTestRunner\De.HDBW.Apollo.DeviceTestRunner.csproj", "{B724DC8A-B8AD-4C80-BC94-E72BA4A6BAB6}"
EndProject
Project("{2150E333-8FDC-42A3-9474-1A3956D46DE8}") = "Tests", "Tests", "{ACCF3B6E-D26E-479E-8AB8-CB312D8CF211}"
EndProject
Project("{9A19103F-16F7-4668-BE54-9A1E7A4F7556}") = "De.HDBW.Apollo.TestRunner", "Tests\De.HDBW.Apollo.TestRunner\De.HDBW.Apollo.TestRunner.csproj", "{08BEB538-CE19-4DFF-9EB6-B357A57D86B9}"
EndProject
Project("{D954291E-2A0B-460D-934E-DC6B0785DB48}") = "De.HDBW.Apollo.Data.Tests", "Tests\De.HDBW.Apollo.Data.Tests\De.HDBW.Apollo.Data.Tests.shproj", "{44C8E060-087D-4BB3-A2B4-DCD4C38ECCEC}"
EndProject
Project("{9A19103F-16F7-4668-BE54-9A1E7A4F7556}") = "NullableDatePicker", "UI\NullableDatePicker\NullableDatePicker\NullableDatePicker.csproj", "{63E15996-2DB8-46BA-B1CF-2FD2E5FE8A6C}"
EndProject
Project("{D954291E-2A0B-460D-934E-DC6B0785DB48}") = "De.HDBW.Apollo.Client.Tests", "Tests\De.HDBW.Apollo.Client.Tests\De.HDBW.Apollo.Client.Tests\De.HDBW.Apollo.Client.Tests.shproj", "{BEC8A7E3-AFDC-428B-AE97-298BFB53D9EB}"
EndProject
Global
	GlobalSection(SolutionConfigurationPlatforms) = preSolution
		Debug|Any CPU = Debug|Any CPU
		Release|Any CPU = Release|Any CPU
	EndGlobalSection
	GlobalSection(ProjectConfigurationPlatforms) = postSolution
		{52E8A5B6-70BC-44FA-AD39-04E89CE55592}.Debug|Any CPU.ActiveCfg = Debug|Any CPU
		{52E8A5B6-70BC-44FA-AD39-04E89CE55592}.Debug|Any CPU.Build.0 = Debug|Any CPU
		{52E8A5B6-70BC-44FA-AD39-04E89CE55592}.Debug|Any CPU.Deploy.0 = Debug|Any CPU
		{52E8A5B6-70BC-44FA-AD39-04E89CE55592}.Release|Any CPU.ActiveCfg = Release|Any CPU
		{52E8A5B6-70BC-44FA-AD39-04E89CE55592}.Release|Any CPU.Build.0 = Release|Any CPU
		{52E8A5B6-70BC-44FA-AD39-04E89CE55592}.Release|Any CPU.Deploy.0 = Release|Any CPU
		{F58910DC-C636-4CC2-9BF9-EB3B213E4B37}.Debug|Any CPU.ActiveCfg = Debug|Any CPU
		{F58910DC-C636-4CC2-9BF9-EB3B213E4B37}.Debug|Any CPU.Build.0 = Debug|Any CPU
		{F58910DC-C636-4CC2-9BF9-EB3B213E4B37}.Release|Any CPU.ActiveCfg = Release|Any CPU
		{F58910DC-C636-4CC2-9BF9-EB3B213E4B37}.Release|Any CPU.Build.0 = Release|Any CPU
		{699E780F-4A42-40E7-A750-71221104D54E}.Debug|Any CPU.ActiveCfg = Debug|Any CPU
		{699E780F-4A42-40E7-A750-71221104D54E}.Debug|Any CPU.Build.0 = Debug|Any CPU
		{699E780F-4A42-40E7-A750-71221104D54E}.Release|Any CPU.ActiveCfg = Release|Any CPU
		{699E780F-4A42-40E7-A750-71221104D54E}.Release|Any CPU.Build.0 = Release|Any CPU
		{B724DC8A-B8AD-4C80-BC94-E72BA4A6BAB6}.Debug|Any CPU.ActiveCfg = Debug|Any CPU
		{B724DC8A-B8AD-4C80-BC94-E72BA4A6BAB6}.Debug|Any CPU.Build.0 = Debug|Any CPU
		{B724DC8A-B8AD-4C80-BC94-E72BA4A6BAB6}.Debug|Any CPU.Deploy.0 = Debug|Any CPU
		{B724DC8A-B8AD-4C80-BC94-E72BA4A6BAB6}.Release|Any CPU.ActiveCfg = Release|Any CPU
		{B724DC8A-B8AD-4C80-BC94-E72BA4A6BAB6}.Release|Any CPU.Build.0 = Release|Any CPU
		{B724DC8A-B8AD-4C80-BC94-E72BA4A6BAB6}.Release|Any CPU.Deploy.0 = Release|Any CPU
		{08BEB538-CE19-4DFF-9EB6-B357A57D86B9}.Debug|Any CPU.ActiveCfg = Debug|Any CPU
		{08BEB538-CE19-4DFF-9EB6-B357A57D86B9}.Debug|Any CPU.Build.0 = Debug|Any CPU
		{08BEB538-CE19-4DFF-9EB6-B357A57D86B9}.Release|Any CPU.ActiveCfg = Release|Any CPU
		{08BEB538-CE19-4DFF-9EB6-B357A57D86B9}.Release|Any CPU.Build.0 = Release|Any CPU
		{63E15996-2DB8-46BA-B1CF-2FD2E5FE8A6C}.Debug|Any CPU.ActiveCfg = Debug|Any CPU
		{63E15996-2DB8-46BA-B1CF-2FD2E5FE8A6C}.Debug|Any CPU.Build.0 = Debug|Any CPU
		{63E15996-2DB8-46BA-B1CF-2FD2E5FE8A6C}.Release|Any CPU.ActiveCfg = Release|Any CPU
		{63E15996-2DB8-46BA-B1CF-2FD2E5FE8A6C}.Release|Any CPU.Build.0 = Release|Any CPU
	EndGlobalSection
	GlobalSection(SolutionProperties) = preSolution
		HideSolutionNode = FALSE
	EndGlobalSection
	GlobalSection(NestedProjects) = preSolution
		{52E8A5B6-70BC-44FA-AD39-04E89CE55592} = {8531B12A-0995-4276-83FA-A6401A104005}
		{F58910DC-C636-4CC2-9BF9-EB3B213E4B37} = {FC248FFE-6D0B-4864-B980-4EA60C43C6B3}
		{699E780F-4A42-40E7-A750-71221104D54E} = {CE5619EE-E7EC-424B-A8C5-47F079213CBC}
		{B724DC8A-B8AD-4C80-BC94-E72BA4A6BAB6} = {ACCF3B6E-D26E-479E-8AB8-CB312D8CF211}
		{08BEB538-CE19-4DFF-9EB6-B357A57D86B9} = {ACCF3B6E-D26E-479E-8AB8-CB312D8CF211}
		{44C8E060-087D-4BB3-A2B4-DCD4C38ECCEC} = {ACCF3B6E-D26E-479E-8AB8-CB312D8CF211}
		{63E15996-2DB8-46BA-B1CF-2FD2E5FE8A6C} = {8531B12A-0995-4276-83FA-A6401A104005}
		{BEC8A7E3-AFDC-428B-AE97-298BFB53D9EB} = {ACCF3B6E-D26E-479E-8AB8-CB312D8CF211}
	EndGlobalSection
	GlobalSection(ExtensibilityGlobals) = postSolution
		SolutionGuid = {61F7FB11-1E47-470C-91E2-47F8143E1572}
	EndGlobalSection
	GlobalSection(SharedMSBuildProjectFiles) = preSolution
		Tests\De.HDBW.Apollo.Client.Tests\De.HDBW.Apollo.Client.Tests\De.HDBW.Apollo.Client.Tests.projitems*{08beb538-ce19-4dff-9eb6-b357a57d86b9}*SharedItemsImports = 5
		Tests\De.HDBW.Apollo.Data.Tests\De.HDBW.Apollo.Data.Tests.projitems*{08beb538-ce19-4dff-9eb6-b357a57d86b9}*SharedItemsImports = 5
		Tests\De.HDBW.Apollo.Data.Tests\De.HDBW.Apollo.Data.Tests.projitems*{44c8e060-087d-4bb3-a2b4-dcd4c38eccec}*SharedItemsImports = 13
		Tests\De.HDBW.Apollo.Client.Tests\De.HDBW.Apollo.Client.Tests\De.HDBW.Apollo.Client.Tests.projitems*{b724dc8a-b8ad-4c80-bc94-e72ba4a6bab6}*SharedItemsImports = 5
		Tests\De.HDBW.Apollo.Data.Tests\De.HDBW.Apollo.Data.Tests.projitems*{b724dc8a-b8ad-4c80-bc94-e72ba4a6bab6}*SharedItemsImports = 5
		Tests\De.HDBW.Apollo.Client.Tests\De.HDBW.Apollo.Client.Tests\De.HDBW.Apollo.Client.Tests.projitems*{bec8a7e3-afdc-428b-ae97-298bfb53d9eb}*SharedItemsImports = 13
	EndGlobalSection
EndGlobal
