
Microsoft Visual Studio Solution File, Format Version 12.00
# Visual Studio Version 17
VisualStudioVersion = 17.5.33424.131
MinimumVisualStudioVersion = 10.0.40219.1
Project("{9A19103F-16F7-4668-BE54-9A1E7A4F7556}") = "Apollo.RestService", "Apollo.RestService\Apollo.RestService.csproj", "{A93E82D7-AB0A-4900-A5EE-3E794A37302C}"
EndProject
Project("{9A19103F-16F7-4668-BE54-9A1E7A4F7556}") = "Apollo.GrpcService", "Apollo.GrpcService\Apollo.GrpcService.csproj", "{B9B3F6C2-AEFB-4EF2-9655-8AA1F37642CA}"
EndProject
Project("{9A19103F-16F7-4668-BE54-9A1E7A4F7556}") = "Apollo.GrpcService.UnitTests", "Apollo.GrpcService.UnitTests\Apollo.GrpcService.UnitTests.csproj", "{4DDE8D2F-457B-41A2-9847-D9117BB496C2}"
EndProject
Project("{9A19103F-16F7-4668-BE54-9A1E7A4F7556}") = "Apollo.Common", "Apollo.Service.Common\Apollo.Common.csproj", "{3E34C248-91F2-43D7-9BE5-F9CB981C46AD}"
EndProject
Project("{2150E333-8FDC-42A3-9474-1A3956D46DE8}") = "Grpc", "Grpc", "{591D705F-17FC-4D43-A0B4-85B118A2DD77}"
EndProject
Project("{2150E333-8FDC-42A3-9474-1A3956D46DE8}") = "Rest", "Rest", "{6A511DB5-E0DC-4B44-B1AE-B2A8989B0A9C}"
EndProject
Project("{9A19103F-16F7-4668-BE54-9A1E7A4F7556}") = "Apollo.Api", "Apollo.Api\Apollo.Api.csproj", "{C0DF9524-72C9-4A49-8F2A-E6A1113217B7}"
EndProject
Project("{9A19103F-16F7-4668-BE54-9A1E7A4F7556}") = "Daenet.MongoDal", "Daenet.MongoDal\Daenet.MongoDal.csproj", "{C140EFF2-257E-4816-B8D0-58829A87C2E8}"
EndProject
Project("{9A19103F-16F7-4668-BE54-9A1E7A4F7556}") = "Daenet.MongoDal.UnitTests", "Daenet.MongoDal.UnitTests\Daenet.MongoDal.UnitTests.csproj", "{F1CA96BE-C1B6-4CD3-A382-34BAFBED28F6}"
EndProject
Project("{9A19103F-16F7-4668-BE54-9A1E7A4F7556}") = "Apollo.Api.UnitTests", "ApolloApiUnitTests\Apollo.Api.UnitTests.csproj", "{3968DECD-3B2F-449A-AF4F-C19135BB4853}"
EndProject
Project("{9A19103F-16F7-4668-BE54-9A1E7A4F7556}") = "Apollo.RestService.UnitTests", "Apollo.RestService.UnitTests\Apollo.RestService.UnitTests.csproj", "{24635A55-69C4-4517-AC44-5386BAD84F8A}"
EndProject
Project("{2150E333-8FDC-42A3-9474-1A3956D46DE8}") = "AI", "AI", "{C9658B4D-A2C3-4FAF-9720-EE1019A140E0}"
EndProject
Project("{9A19103F-16F7-4668-BE54-9A1E7A4F7556}") = "Apollo.SmartLib", "Apollo.SmartLib\Apollo.SmartLib.csproj", "{E90299F6-7343-452C-ADED-6DADB01068A0}"
EndProject
Project("{2150E333-8FDC-42A3-9474-1A3956D46DE8}") = "Api", "Api", "{85C53BB8-54B5-4811-AAC8-CA78CADD6569}"
EndProject
Project("{9A19103F-16F7-4668-BE54-9A1E7A4F7556}") = "Apollo.RestService.IntergrationTests", "TrainingControllerIntegrationTests\Apollo.RestService.IntergrationTests.csproj", "{2D0E6575-49CE-4701-A9A7-21850D48BB22}"
EndProject
Project("{9A19103F-16F7-4668-BE54-9A1E7A4F7556}") = "Apollo.SemanticSearchExporter", "Apollo.SemanticSearchExporter\Apollo.SemanticSearchExporter.csproj", "{814A8CAE-06D6-4BD3-87C1-6634D14F28AA}"
EndProject
Project("{9A19103F-16F7-4668-BE54-9A1E7A4F7556}") = "Apollo.ProfileImporter", "Apollo.ProfileImporter\Apollo.ProfileImporter.csproj", "{DEDC9893-6DE3-42E3-ADAB-814CCEE71F3A}"
EndProject
Project("{00D1A9C2-B5F0-4AF3-8072-F6C62B433612}") = "semanticsearchdb-m2", "semanticsearchdb-m2\semanticsearchdb-m2.sqlproj", "{BE9DB085-9949-43D4-8026-8B0D970536AD}"
EndProject
Global
	GlobalSection(SolutionConfigurationPlatforms) = preSolution
		Debug|Any CPU = Debug|Any CPU
		Release|Any CPU = Release|Any CPU
	EndGlobalSection
	GlobalSection(ProjectConfigurationPlatforms) = postSolution
		{A93E82D7-AB0A-4900-A5EE-3E794A37302C}.Debug|Any CPU.ActiveCfg = Debug|Any CPU
		{A93E82D7-AB0A-4900-A5EE-3E794A37302C}.Debug|Any CPU.Build.0 = Debug|Any CPU
		{A93E82D7-AB0A-4900-A5EE-3E794A37302C}.Release|Any CPU.ActiveCfg = Release|Any CPU
		{A93E82D7-AB0A-4900-A5EE-3E794A37302C}.Release|Any CPU.Build.0 = Release|Any CPU
		{B9B3F6C2-AEFB-4EF2-9655-8AA1F37642CA}.Debug|Any CPU.ActiveCfg = Debug|Any CPU
		{B9B3F6C2-AEFB-4EF2-9655-8AA1F37642CA}.Debug|Any CPU.Build.0 = Debug|Any CPU
		{B9B3F6C2-AEFB-4EF2-9655-8AA1F37642CA}.Release|Any CPU.ActiveCfg = Release|Any CPU
		{B9B3F6C2-AEFB-4EF2-9655-8AA1F37642CA}.Release|Any CPU.Build.0 = Release|Any CPU
		{4DDE8D2F-457B-41A2-9847-D9117BB496C2}.Debug|Any CPU.ActiveCfg = Debug|Any CPU
		{4DDE8D2F-457B-41A2-9847-D9117BB496C2}.Debug|Any CPU.Build.0 = Debug|Any CPU
		{4DDE8D2F-457B-41A2-9847-D9117BB496C2}.Release|Any CPU.ActiveCfg = Release|Any CPU
		{4DDE8D2F-457B-41A2-9847-D9117BB496C2}.Release|Any CPU.Build.0 = Release|Any CPU
		{3E34C248-91F2-43D7-9BE5-F9CB981C46AD}.Debug|Any CPU.ActiveCfg = Debug|Any CPU
		{3E34C248-91F2-43D7-9BE5-F9CB981C46AD}.Debug|Any CPU.Build.0 = Debug|Any CPU
		{3E34C248-91F2-43D7-9BE5-F9CB981C46AD}.Release|Any CPU.ActiveCfg = Release|Any CPU
		{3E34C248-91F2-43D7-9BE5-F9CB981C46AD}.Release|Any CPU.Build.0 = Release|Any CPU
		{C0DF9524-72C9-4A49-8F2A-E6A1113217B7}.Debug|Any CPU.ActiveCfg = Debug|Any CPU
		{C0DF9524-72C9-4A49-8F2A-E6A1113217B7}.Debug|Any CPU.Build.0 = Debug|Any CPU
		{C0DF9524-72C9-4A49-8F2A-E6A1113217B7}.Release|Any CPU.ActiveCfg = Release|Any CPU
		{C0DF9524-72C9-4A49-8F2A-E6A1113217B7}.Release|Any CPU.Build.0 = Release|Any CPU
		{C140EFF2-257E-4816-B8D0-58829A87C2E8}.Debug|Any CPU.ActiveCfg = Debug|Any CPU
		{C140EFF2-257E-4816-B8D0-58829A87C2E8}.Debug|Any CPU.Build.0 = Debug|Any CPU
		{C140EFF2-257E-4816-B8D0-58829A87C2E8}.Release|Any CPU.ActiveCfg = Release|Any CPU
		{C140EFF2-257E-4816-B8D0-58829A87C2E8}.Release|Any CPU.Build.0 = Release|Any CPU
		{F1CA96BE-C1B6-4CD3-A382-34BAFBED28F6}.Debug|Any CPU.ActiveCfg = Debug|Any CPU
		{F1CA96BE-C1B6-4CD3-A382-34BAFBED28F6}.Debug|Any CPU.Build.0 = Debug|Any CPU
		{F1CA96BE-C1B6-4CD3-A382-34BAFBED28F6}.Release|Any CPU.ActiveCfg = Release|Any CPU
		{F1CA96BE-C1B6-4CD3-A382-34BAFBED28F6}.Release|Any CPU.Build.0 = Release|Any CPU
		{3968DECD-3B2F-449A-AF4F-C19135BB4853}.Debug|Any CPU.ActiveCfg = Debug|Any CPU
		{3968DECD-3B2F-449A-AF4F-C19135BB4853}.Debug|Any CPU.Build.0 = Debug|Any CPU
		{3968DECD-3B2F-449A-AF4F-C19135BB4853}.Release|Any CPU.ActiveCfg = Release|Any CPU
		{3968DECD-3B2F-449A-AF4F-C19135BB4853}.Release|Any CPU.Build.0 = Release|Any CPU
		{24635A55-69C4-4517-AC44-5386BAD84F8A}.Debug|Any CPU.ActiveCfg = Debug|Any CPU
		{24635A55-69C4-4517-AC44-5386BAD84F8A}.Debug|Any CPU.Build.0 = Debug|Any CPU
		{24635A55-69C4-4517-AC44-5386BAD84F8A}.Release|Any CPU.ActiveCfg = Release|Any CPU
		{24635A55-69C4-4517-AC44-5386BAD84F8A}.Release|Any CPU.Build.0 = Release|Any CPU
		{E90299F6-7343-452C-ADED-6DADB01068A0}.Debug|Any CPU.ActiveCfg = Debug|Any CPU
		{E90299F6-7343-452C-ADED-6DADB01068A0}.Debug|Any CPU.Build.0 = Debug|Any CPU
		{E90299F6-7343-452C-ADED-6DADB01068A0}.Release|Any CPU.ActiveCfg = Release|Any CPU
		{E90299F6-7343-452C-ADED-6DADB01068A0}.Release|Any CPU.Build.0 = Release|Any CPU
		{2D0E6575-49CE-4701-A9A7-21850D48BB22}.Debug|Any CPU.ActiveCfg = Debug|Any CPU
		{2D0E6575-49CE-4701-A9A7-21850D48BB22}.Debug|Any CPU.Build.0 = Debug|Any CPU
		{2D0E6575-49CE-4701-A9A7-21850D48BB22}.Release|Any CPU.ActiveCfg = Release|Any CPU
		{2D0E6575-49CE-4701-A9A7-21850D48BB22}.Release|Any CPU.Build.0 = Release|Any CPU
		{814A8CAE-06D6-4BD3-87C1-6634D14F28AA}.Debug|Any CPU.ActiveCfg = Debug|Any CPU
		{814A8CAE-06D6-4BD3-87C1-6634D14F28AA}.Debug|Any CPU.Build.0 = Debug|Any CPU
		{814A8CAE-06D6-4BD3-87C1-6634D14F28AA}.Release|Any CPU.ActiveCfg = Release|Any CPU
		{814A8CAE-06D6-4BD3-87C1-6634D14F28AA}.Release|Any CPU.Build.0 = Release|Any CPU
		{DEDC9893-6DE3-42E3-ADAB-814CCEE71F3A}.Debug|Any CPU.ActiveCfg = Debug|Any CPU
		{DEDC9893-6DE3-42E3-ADAB-814CCEE71F3A}.Debug|Any CPU.Build.0 = Debug|Any CPU
		{DEDC9893-6DE3-42E3-ADAB-814CCEE71F3A}.Release|Any CPU.ActiveCfg = Release|Any CPU
		{DEDC9893-6DE3-42E3-ADAB-814CCEE71F3A}.Release|Any CPU.Build.0 = Release|Any CPU
		{BE9DB085-9949-43D4-8026-8B0D970536AD}.Debug|Any CPU.ActiveCfg = Debug|Any CPU
		{BE9DB085-9949-43D4-8026-8B0D970536AD}.Debug|Any CPU.Build.0 = Debug|Any CPU
		{BE9DB085-9949-43D4-8026-8B0D970536AD}.Debug|Any CPU.Deploy.0 = Debug|Any CPU
		{BE9DB085-9949-43D4-8026-8B0D970536AD}.Release|Any CPU.ActiveCfg = Release|Any CPU
		{BE9DB085-9949-43D4-8026-8B0D970536AD}.Release|Any CPU.Build.0 = Release|Any CPU
		{BE9DB085-9949-43D4-8026-8B0D970536AD}.Release|Any CPU.Deploy.0 = Release|Any CPU
	EndGlobalSection
	GlobalSection(SolutionProperties) = preSolution
		HideSolutionNode = FALSE
	EndGlobalSection
	GlobalSection(NestedProjects) = preSolution
		{A93E82D7-AB0A-4900-A5EE-3E794A37302C} = {6A511DB5-E0DC-4B44-B1AE-B2A8989B0A9C}
		{B9B3F6C2-AEFB-4EF2-9655-8AA1F37642CA} = {591D705F-17FC-4D43-A0B4-85B118A2DD77}
		{4DDE8D2F-457B-41A2-9847-D9117BB496C2} = {591D705F-17FC-4D43-A0B4-85B118A2DD77}
		{C0DF9524-72C9-4A49-8F2A-E6A1113217B7} = {85C53BB8-54B5-4811-AAC8-CA78CADD6569}
		{3968DECD-3B2F-449A-AF4F-C19135BB4853} = {85C53BB8-54B5-4811-AAC8-CA78CADD6569}
		{24635A55-69C4-4517-AC44-5386BAD84F8A} = {6A511DB5-E0DC-4B44-B1AE-B2A8989B0A9C}
		{E90299F6-7343-452C-ADED-6DADB01068A0} = {C9658B4D-A2C3-4FAF-9720-EE1019A140E0}
		{2D0E6575-49CE-4701-A9A7-21850D48BB22} = {6A511DB5-E0DC-4B44-B1AE-B2A8989B0A9C}
		{814A8CAE-06D6-4BD3-87C1-6634D14F28AA} = {C9658B4D-A2C3-4FAF-9720-EE1019A140E0}
		{DEDC9893-6DE3-42E3-ADAB-814CCEE71F3A} = {C9658B4D-A2C3-4FAF-9720-EE1019A140E0}
	EndGlobalSection
	GlobalSection(ExtensibilityGlobals) = postSolution
		SolutionGuid = {04203D95-B548-4FCD-9BA6-5E2AAB48F565}
	EndGlobalSection
EndGlobal
