
Microsoft Visual Studio Solution File, Format Version 12.00
# Visual Studio Version 17
VisualStudioVersion = 17.4.32804.182
MinimumVisualStudioVersion = 10.0.40219.1
Project("{2150E333-8FDC-42A3-9474-1A3956D46DE8}") = "apollo.services", "apollo.services", "{244FEC10-2C8B-4A91-9ADA-7998B7FCF22F}"
EndProject
Project("{2150E333-8FDC-42A3-9474-1A3956D46DE8}") = "graph.apollo.cloud", "graph.apollo.cloud", "{D3601254-11A8-45DE-A110-6AFE213549BD}"
EndProject
Project("{2150E333-8FDC-42A3-9474-1A3956D46DE8}") = "dashboard.apollo.cloud", "dashboard.apollo.cloud", "{987136B7-130A-45E0-8B9E-1C1A50B8E5EE}"
EndProject
Project("{2150E333-8FDC-42A3-9474-1A3956D46DE8}") = "Tests", "Tests", "{B2CB0643-6E59-4F44-8FA0-3CDFEDD9E4FA}"
EndProject
Project("{2150E333-8FDC-42A3-9474-1A3956D46DE8}") = "apollo.common", "apollo.common", "{426ACA46-5438-420E-B15F-FCD3B80C1A81}"
EndProject
Project("{9A19103F-16F7-4668-BE54-9A1E7A4F7556}") = "Graph.Apollo.Cloud.Common", "Graph.Apollo.Cloud.Common\Graph.Apollo.Cloud.Common.csproj", "{8B153C87-799B-475F-BB87-97390E26C130}"
EndProject
Project("{2150E333-8FDC-42A3-9474-1A3956D46DE8}") = "Clients", "Clients", "{58DC75C2-BE50-4ADE-B7BD-D31B61387012}"
EndProject
Project("{9A19103F-16F7-4668-BE54-9A1E7A4F7556}") = "Graph.Apollo.Cloud.Greeter", "Graph.Apollo.Cloud.Greeter\Graph.Apollo.Cloud.Greeter.csproj", "{DCB12047-D227-4FA8-8F1A-AAC61A270CA4}"
EndProject
Project("{9A19103F-16F7-4668-BE54-9A1E7A4F7556}") = "GreeterServiceTests", "GreeterServiceTests\GreeterServiceTests.csproj", "{49FD77D6-9FC0-4A81-9E71-490999F0B527}"
EndProject
Project("{9A19103F-16F7-4668-BE54-9A1E7A4F7556}") = "Graph.Apollo.Cloud.Courses", "Graph.Apollo.Cloud.Trainings\Graph.Apollo.Cloud.Courses.csproj", "{743B5D24-B2C1-47D1-BCCE-DE38F580C103}"
EndProject
Project("{2150E333-8FDC-42A3-9474-1A3956D46DE8}") = "Solution Items", "Solution Items", "{AF85BD69-4C13-4FF4-BEDC-DC1B2BFB0998}"
	ProjectSection(SolutionItems) = preProject
		Readme.md = Readme.md
	EndProjectSection
EndProject
Project("{9A19103F-16F7-4668-BE54-9A1E7A4F7556}") = "dashboard.apollo.cloud.Server", "dashboard.apollo.cloud\Server\dashboard.apollo.cloud.Server.csproj", "{529F5AED-90B0-42F4-A69C-71437D6A0956}"
EndProject
Project("{9A19103F-16F7-4668-BE54-9A1E7A4F7556}") = "dashboard.apollo.cloud.Client", "dashboard.apollo.cloud\Client\dashboard.apollo.cloud.Client.csproj", "{7CFDDFEF-50D4-40EF-AC07-0009227A7A23}"
EndProject
Project("{9A19103F-16F7-4668-BE54-9A1E7A4F7556}") = "dashboard.apollo.cloud.Shared", "dashboard.apollo.cloud\Shared\dashboard.apollo.cloud.Shared.csproj", "{C9734561-A2B5-4BD7-B2B5-37287A4408B9}"
EndProject
Project("{9A19103F-16F7-4668-BE54-9A1E7A4F7556}") = "Graph.Apollo.Cloud.UserProfiles", "Graph.Apollo.Cloud.UserProfiles\Graph.Apollo.Cloud.UserProfiles.csproj", "{EF10DDE7-E4E8-42AF-A42F-AB50C7005E59}"
EndProject
Project("{FAE04EC0-301F-11D3-BF4B-00C04F79EFBC}") = "Graph.Apollo.Cloud.ESCO", "Graph.Apollo.Cloud.ESCO\Graph.Apollo.Cloud.ESCO.csproj", "{FFD748F3-70F5-40FD-911B-70ECE09E3627}"
EndProject
Global
	GlobalSection(SolutionConfigurationPlatforms) = preSolution
		Debug|Any CPU = Debug|Any CPU
		Release|Any CPU = Release|Any CPU
	EndGlobalSection
	GlobalSection(ProjectConfigurationPlatforms) = postSolution
		{8B153C87-799B-475F-BB87-97390E26C130}.Debug|Any CPU.ActiveCfg = Debug|Any CPU
		{8B153C87-799B-475F-BB87-97390E26C130}.Debug|Any CPU.Build.0 = Debug|Any CPU
		{8B153C87-799B-475F-BB87-97390E26C130}.Release|Any CPU.ActiveCfg = Release|Any CPU
		{8B153C87-799B-475F-BB87-97390E26C130}.Release|Any CPU.Build.0 = Release|Any CPU
		{DCB12047-D227-4FA8-8F1A-AAC61A270CA4}.Debug|Any CPU.ActiveCfg = Debug|Any CPU
		{DCB12047-D227-4FA8-8F1A-AAC61A270CA4}.Debug|Any CPU.Build.0 = Debug|Any CPU
		{DCB12047-D227-4FA8-8F1A-AAC61A270CA4}.Release|Any CPU.ActiveCfg = Release|Any CPU
		{DCB12047-D227-4FA8-8F1A-AAC61A270CA4}.Release|Any CPU.Build.0 = Release|Any CPU
		{49FD77D6-9FC0-4A81-9E71-490999F0B527}.Debug|Any CPU.ActiveCfg = Debug|Any CPU
		{49FD77D6-9FC0-4A81-9E71-490999F0B527}.Debug|Any CPU.Build.0 = Debug|Any CPU
		{49FD77D6-9FC0-4A81-9E71-490999F0B527}.Release|Any CPU.ActiveCfg = Release|Any CPU
		{49FD77D6-9FC0-4A81-9E71-490999F0B527}.Release|Any CPU.Build.0 = Release|Any CPU
		{743B5D24-B2C1-47D1-BCCE-DE38F580C103}.Debug|Any CPU.ActiveCfg = Debug|Any CPU
		{743B5D24-B2C1-47D1-BCCE-DE38F580C103}.Debug|Any CPU.Build.0 = Debug|Any CPU
		{743B5D24-B2C1-47D1-BCCE-DE38F580C103}.Release|Any CPU.ActiveCfg = Release|Any CPU
		{743B5D24-B2C1-47D1-BCCE-DE38F580C103}.Release|Any CPU.Build.0 = Release|Any CPU
		{529F5AED-90B0-42F4-A69C-71437D6A0956}.Debug|Any CPU.ActiveCfg = Debug|Any CPU
		{529F5AED-90B0-42F4-A69C-71437D6A0956}.Debug|Any CPU.Build.0 = Debug|Any CPU
		{529F5AED-90B0-42F4-A69C-71437D6A0956}.Release|Any CPU.ActiveCfg = Release|Any CPU
		{529F5AED-90B0-42F4-A69C-71437D6A0956}.Release|Any CPU.Build.0 = Release|Any CPU
		{7CFDDFEF-50D4-40EF-AC07-0009227A7A23}.Debug|Any CPU.ActiveCfg = Debug|Any CPU
		{7CFDDFEF-50D4-40EF-AC07-0009227A7A23}.Debug|Any CPU.Build.0 = Debug|Any CPU
		{7CFDDFEF-50D4-40EF-AC07-0009227A7A23}.Release|Any CPU.ActiveCfg = Release|Any CPU
		{7CFDDFEF-50D4-40EF-AC07-0009227A7A23}.Release|Any CPU.Build.0 = Release|Any CPU
		{C9734561-A2B5-4BD7-B2B5-37287A4408B9}.Debug|Any CPU.ActiveCfg = Debug|Any CPU
		{C9734561-A2B5-4BD7-B2B5-37287A4408B9}.Debug|Any CPU.Build.0 = Debug|Any CPU
		{C9734561-A2B5-4BD7-B2B5-37287A4408B9}.Release|Any CPU.ActiveCfg = Release|Any CPU
		{C9734561-A2B5-4BD7-B2B5-37287A4408B9}.Release|Any CPU.Build.0 = Release|Any CPU
		{EF10DDE7-E4E8-42AF-A42F-AB50C7005E59}.Debug|Any CPU.ActiveCfg = Debug|Any CPU
		{EF10DDE7-E4E8-42AF-A42F-AB50C7005E59}.Debug|Any CPU.Build.0 = Debug|Any CPU
		{EF10DDE7-E4E8-42AF-A42F-AB50C7005E59}.Release|Any CPU.ActiveCfg = Release|Any CPU
		{EF10DDE7-E4E8-42AF-A42F-AB50C7005E59}.Release|Any CPU.Build.0 = Release|Any CPU
		{FFD748F3-70F5-40FD-911B-70ECE09E3627}.Debug|Any CPU.ActiveCfg = Debug|Any CPU
		{FFD748F3-70F5-40FD-911B-70ECE09E3627}.Debug|Any CPU.Build.0 = Debug|Any CPU
		{FFD748F3-70F5-40FD-911B-70ECE09E3627}.Release|Any CPU.ActiveCfg = Release|Any CPU
		{FFD748F3-70F5-40FD-911B-70ECE09E3627}.Release|Any CPU.Build.0 = Release|Any CPU
	EndGlobalSection
	GlobalSection(SolutionProperties) = preSolution
		HideSolutionNode = FALSE
	EndGlobalSection
	GlobalSection(NestedProjects) = preSolution
		{244FEC10-2C8B-4A91-9ADA-7998B7FCF22F} = {D3601254-11A8-45DE-A110-6AFE213549BD}
		{B2CB0643-6E59-4F44-8FA0-3CDFEDD9E4FA} = {D3601254-11A8-45DE-A110-6AFE213549BD}
		{426ACA46-5438-420E-B15F-FCD3B80C1A81} = {D3601254-11A8-45DE-A110-6AFE213549BD}
		{8B153C87-799B-475F-BB87-97390E26C130} = {426ACA46-5438-420E-B15F-FCD3B80C1A81}
		{58DC75C2-BE50-4ADE-B7BD-D31B61387012} = {B2CB0643-6E59-4F44-8FA0-3CDFEDD9E4FA}
		{DCB12047-D227-4FA8-8F1A-AAC61A270CA4} = {244FEC10-2C8B-4A91-9ADA-7998B7FCF22F}
		{49FD77D6-9FC0-4A81-9E71-490999F0B527} = {B2CB0643-6E59-4F44-8FA0-3CDFEDD9E4FA}
		{743B5D24-B2C1-47D1-BCCE-DE38F580C103} = {244FEC10-2C8B-4A91-9ADA-7998B7FCF22F}
		{529F5AED-90B0-42F4-A69C-71437D6A0956} = {987136B7-130A-45E0-8B9E-1C1A50B8E5EE}
		{7CFDDFEF-50D4-40EF-AC07-0009227A7A23} = {987136B7-130A-45E0-8B9E-1C1A50B8E5EE}
		{C9734561-A2B5-4BD7-B2B5-37287A4408B9} = {987136B7-130A-45E0-8B9E-1C1A50B8E5EE}
		{EF10DDE7-E4E8-42AF-A42F-AB50C7005E59} = {244FEC10-2C8B-4A91-9ADA-7998B7FCF22F}
		{FFD748F3-70F5-40FD-911B-70ECE09E3627} = {244FEC10-2C8B-4A91-9ADA-7998B7FCF22F}
	EndGlobalSection
	GlobalSection(ExtensibilityGlobals) = postSolution
		SolutionGuid = {E9B9B73F-5630-42C9-B54E-D3FC8E7DA22F}
	EndGlobalSection
EndGlobal
